
Microsoft Visual Studio Solution File, Format Version 12.00
# Visual Studio Version 16
VisualStudioVersion = 16.0.29519.87
MinimumVisualStudioVersion = 10.0.40219.1
Project("{FAE04EC0-301F-11D3-BF4B-00C04F79EFBC}") = "ConsoleUI", "ConsoleUI.csproj", "{6AB0B017-7183-42A8-A46A-FCDD7D8D34E5}"
EndProject
Project("{FAE04EC0-301F-11D3-BF4B-00C04F79EFBC}") = "DemoLibrary", "..\DemoLibrary\DemoLibrary.csproj", "{627DCFDA-5BD8-45FB-8C24-1D8EAAD76067}"
EndProject
Global
	GlobalSection(SolutionConfigurationPlatforms) = preSolution
		Debug|Any CPU = Debug|Any CPU
		Debug|ARM = Debug|ARM
		Debug|ARM64 = Debug|ARM64
		Debug|x64 = Debug|x64
		Debug|x86 = Debug|x86
		Release|Any CPU = Release|Any CPU
		Release|ARM = Release|ARM
		Release|ARM64 = Release|ARM64
		Release|x64 = Release|x64
		Release|x86 = Release|x86
	EndGlobalSection
	GlobalSection(ProjectConfigurationPlatforms) = postSolution
		{6AB0B017-7183-42A8-A46A-FCDD7D8D34E5}.Debug|Any CPU.ActiveCfg = Debug|Any CPU
		{6AB0B017-7183-42A8-A46A-FCDD7D8D34E5}.Debug|Any CPU.Build.0 = Debug|Any CPU
		{6AB0B017-7183-42A8-A46A-FCDD7D8D34E5}.Debug|ARM.ActiveCfg = Debug|Any CPU
		{6AB0B017-7183-42A8-A46A-FCDD7D8D34E5}.Debug|ARM.Build.0 = Debug|Any CPU
		{6AB0B017-7183-42A8-A46A-FCDD7D8D34E5}.Debug|ARM64.ActiveCfg = Debug|Any CPU
		{6AB0B017-7183-42A8-A46A-FCDD7D8D34E5}.Debug|ARM64.Build.0 = Debug|Any CPU
		{6AB0B017-7183-42A8-A46A-FCDD7D8D34E5}.Debug|x64.ActiveCfg = Debug|Any CPU
		{6AB0B017-7183-42A8-A46A-FCDD7D8D34E5}.Debug|x64.Build.0 = Debug|Any CPU
		{6AB0B017-7183-42A8-A46A-FCDD7D8D34E5}.Debug|x86.ActiveCfg = Debug|Any CPU
		{6AB0B017-7183-42A8-A46A-FCDD7D8D34E5}.Debug|x86.Build.0 = Debug|Any CPU
		{6AB0B017-7183-42A8-A46A-FCDD7D8D34E5}.Release|Any CPU.ActiveCfg = Release|Any CPU
		{6AB0B017-7183-42A8-A46A-FCDD7D8D34E5}.Release|Any CPU.Build.0 = Release|Any CPU
		{6AB0B017-7183-42A8-A46A-FCDD7D8D34E5}.Release|ARM.ActiveCfg = Release|Any CPU
		{6AB0B017-7183-42A8-A46A-FCDD7D8D34E5}.Release|ARM.Build.0 = Release|Any CPU
		{6AB0B017-7183-42A8-A46A-FCDD7D8D34E5}.Release|ARM64.ActiveCfg = Release|Any CPU
		{6AB0B017-7183-42A8-A46A-FCDD7D8D34E5}.Release|ARM64.Build.0 = Release|Any CPU
		{6AB0B017-7183-42A8-A46A-FCDD7D8D34E5}.Release|x64.ActiveCfg = Release|Any CPU
		{6AB0B017-7183-42A8-A46A-FCDD7D8D34E5}.Release|x64.Build.0 = Release|Any CPU
		{6AB0B017-7183-42A8-A46A-FCDD7D8D34E5}.Release|x86.ActiveCfg = Release|Any CPU
		{6AB0B017-7183-42A8-A46A-FCDD7D8D34E5}.Release|x86.Build.0 = Release|Any CPU
		{627DCFDA-5BD8-45FB-8C24-1D8EAAD76067}.Debug|Any CPU.ActiveCfg = Debug|Any CPU
		{627DCFDA-5BD8-45FB-8C24-1D8EAAD76067}.Debug|Any CPU.Build.0 = Debug|Any CPU
		{627DCFDA-5BD8-45FB-8C24-1D8EAAD76067}.Debug|ARM.ActiveCfg = Debug|Any CPU
		{627DCFDA-5BD8-45FB-8C24-1D8EAAD76067}.Debug|ARM.Build.0 = Debug|Any CPU
		{627DCFDA-5BD8-45FB-8C24-1D8EAAD76067}.Debug|ARM64.ActiveCfg = Debug|Any CPU
		{627DCFDA-5BD8-45FB-8C24-1D8EAAD76067}.Debug|ARM64.Build.0 = Debug|Any CPU
		{627DCFDA-5BD8-45FB-8C24-1D8EAAD76067}.Debug|x64.ActiveCfg = Debug|Any CPU
		{627DCFDA-5BD8-45FB-8C24-1D8EAAD76067}.Debug|x64.Build.0 = Debug|Any CPU
		{627DCFDA-5BD8-45FB-8C24-1D8EAAD76067}.Debug|x86.ActiveCfg = Debug|Any CPU
		{627DCFDA-5BD8-45FB-8C24-1D8EAAD76067}.Debug|x86.Build.0 = Debug|Any CPU
		{627DCFDA-5BD8-45FB-8C24-1D8EAAD76067}.Release|Any CPU.ActiveCfg = Release|Any CPU
		{627DCFDA-5BD8-45FB-8C24-1D8EAAD76067}.Release|Any CPU.Build.0 = Release|Any CPU
		{627DCFDA-5BD8-45FB-8C24-1D8EAAD76067}.Release|ARM.ActiveCfg = Release|Any CPU
		{627DCFDA-5BD8-45FB-8C24-1D8EAAD76067}.Release|ARM.Build.0 = Release|Any CPU
		{627DCFDA-5BD8-45FB-8C24-1D8EAAD76067}.Release|ARM64.ActiveCfg = Release|Any CPU
		{627DCFDA-5BD8-45FB-8C24-1D8EAAD76067}.Release|ARM64.Build.0 = Release|Any CPU
		{627DCFDA-5BD8-45FB-8C24-1D8EAAD76067}.Release|x64.ActiveCfg = Release|Any CPU
		{627DCFDA-5BD8-45FB-8C24-1D8EAAD76067}.Release|x64.Build.0 = Release|Any CPU
		{627DCFDA-5BD8-45FB-8C24-1D8EAAD76067}.Release|x86.ActiveCfg = Release|Any CPU
		{627DCFDA-5BD8-45FB-8C24-1D8EAAD76067}.Release|x86.Build.0 = Release|Any CPU
	EndGlobalSection
	GlobalSection(SolutionProperties) = preSolution
		HideSolutionNode = FALSE
	EndGlobalSection
	GlobalSection(ExtensibilityGlobals) = postSolution
		SolutionGuid = {366256BC-14CA-437A-BE18-79858F3B5003}
	EndGlobalSection
EndGlobal
