
Microsoft Visual Studio Solution File, Format Version 12.00
# Visual Studio Version 16
VisualStudioVersion = 16.0.29519.87
MinimumVisualStudioVersion = 10.0.40219.1
Project("{FAE04EC0-301F-11D3-BF4B-00C04F79EFBC}") = "DemoLibrary", "DemoLibrary\DemoLibrary.csproj", "{6B20F9C4-0FA9-4463-89BD-964DC5CB891C}"
EndProject
Project("{FAE04EC0-301F-11D3-BF4B-00C04F79EFBC}") = "WinFormUI", "WinFormUI\WinFormUI.csproj", "{9FC6C169-AEDD-409D-A531-5FFF41A666D8}"
EndProject
Global
	GlobalSection(SolutionConfigurationPlatforms) = preSolution
		Debug|Any CPU = Debug|Any CPU
		Release|Any CPU = Release|Any CPU
	EndGlobalSection
	GlobalSection(ProjectConfigurationPlatforms) = postSolution
		{6B20F9C4-0FA9-4463-89BD-964DC5CB891C}.Debug|Any CPU.ActiveCfg = Debug|Any CPU
		{6B20F9C4-0FA9-4463-89BD-964DC5CB891C}.Debug|Any CPU.Build.0 = Debug|Any CPU
		{6B20F9C4-0FA9-4463-89BD-964DC5CB891C}.Release|Any CPU.ActiveCfg = Release|Any CPU
		{6B20F9C4-0FA9-4463-89BD-964DC5CB891C}.Release|Any CPU.Build.0 = Release|Any CPU
		{9FC6C169-AEDD-409D-A531-5FFF41A666D8}.Debug|Any CPU.ActiveCfg = Debug|Any CPU
		{9FC6C169-AEDD-409D-A531-5FFF41A666D8}.Debug|Any CPU.Build.0 = Debug|Any CPU
		{9FC6C169-AEDD-409D-A531-5FFF41A666D8}.Release|Any CPU.ActiveCfg = Release|Any CPU
		{9FC6C169-AEDD-409D-A531-5FFF41A666D8}.Release|Any CPU.Build.0 = Release|Any CPU
	EndGlobalSection
	GlobalSection(SolutionProperties) = preSolution
		HideSolutionNode = FALSE
	EndGlobalSection
	GlobalSection(ExtensibilityGlobals) = postSolution
		SolutionGuid = {251BE9AF-056C-404F-BB9A-0A0CEF15D5F4}
	EndGlobalSection
EndGlobal
