
Microsoft Visual Studio Solution File, Format Version 12.00
# Visual Studio Version 16
VisualStudioVersion = 16.0.30621.155
MinimumVisualStudioVersion = 10.0.40219.1
Project("{FAE04EC0-301F-11D3-BF4B-00C04F79EFBC}") = "GetStarted.Android", "GetStarted\GetStarted.Android\GetStarted.Android.csproj", "{E01756E5-4023-4590-AD01-660706FA5A17}"
EndProject
Project("{FAE04EC0-301F-11D3-BF4B-00C04F79EFBC}") = "GetStarted.iOS", "GetStarted\GetStarted.iOS\GetStarted.iOS.csproj", "{A2DC2220-F97A-49FF-B2E3-43CA2E872F24}"
EndProject
Project("{FAE04EC0-301F-11D3-BF4B-00C04F79EFBC}") = "GetStarted", "GetStarted\GetStarted\GetStarted.csproj", "{76C4450A-19B5-4214-AA2C-871156184A05}"
EndProject
Global
	GlobalSection(SolutionConfigurationPlatforms) = preSolution
		Debug|Any CPU = Debug|Any CPU
		Debug|iPhone = Debug|iPhone
		Debug|iPhoneSimulator = Debug|iPhoneSimulator
		Release|Any CPU = Release|Any CPU
		Release|iPhone = Release|iPhone
		Release|iPhoneSimulator = Release|iPhoneSimulator
	EndGlobalSection
	GlobalSection(ProjectConfigurationPlatforms) = postSolution
		{E01756E5-4023-4590-AD01-660706FA5A17}.Debug|Any CPU.ActiveCfg = Debug|Any CPU
		{E01756E5-4023-4590-AD01-660706FA5A17}.Debug|Any CPU.Build.0 = Debug|Any CPU
		{E01756E5-4023-4590-AD01-660706FA5A17}.Debug|Any CPU.Deploy.0 = Debug|Any CPU
		{E01756E5-4023-4590-AD01-660706FA5A17}.Debug|iPhone.ActiveCfg = Debug|Any CPU
		{E01756E5-4023-4590-AD01-660706FA5A17}.Debug|iPhone.Build.0 = Debug|Any CPU
		{E01756E5-4023-4590-AD01-660706FA5A17}.Debug|iPhone.Deploy.0 = Debug|Any CPU
		{E01756E5-4023-4590-AD01-660706FA5A17}.Debug|iPhoneSimulator.ActiveCfg = Debug|Any CPU
		{E01756E5-4023-4590-AD01-660706FA5A17}.Debug|iPhoneSimulator.Build.0 = Debug|Any CPU
		{E01756E5-4023-4590-AD01-660706FA5A17}.Debug|iPhoneSimulator.Deploy.0 = Debug|Any CPU
		{E01756E5-4023-4590-AD01-660706FA5A17}.Release|Any CPU.ActiveCfg = Release|Any CPU
		{E01756E5-4023-4590-AD01-660706FA5A17}.Release|Any CPU.Build.0 = Release|Any CPU
		{E01756E5-4023-4590-AD01-660706FA5A17}.Release|Any CPU.Deploy.0 = Release|Any CPU
		{E01756E5-4023-4590-AD01-660706FA5A17}.Release|iPhone.ActiveCfg = Release|Any CPU
		{E01756E5-4023-4590-AD01-660706FA5A17}.Release|iPhone.Build.0 = Release|Any CPU
		{E01756E5-4023-4590-AD01-660706FA5A17}.Release|iPhone.Deploy.0 = Release|Any CPU
		{E01756E5-4023-4590-AD01-660706FA5A17}.Release|iPhoneSimulator.ActiveCfg = Release|Any CPU
		{E01756E5-4023-4590-AD01-660706FA5A17}.Release|iPhoneSimulator.Build.0 = Release|Any CPU
		{E01756E5-4023-4590-AD01-660706FA5A17}.Release|iPhoneSimulator.Deploy.0 = Release|Any CPU
		{A2DC2220-F97A-49FF-B2E3-43CA2E872F24}.Debug|Any CPU.ActiveCfg = Debug|iPhone
		{A2DC2220-F97A-49FF-B2E3-43CA2E872F24}.Debug|Any CPU.Build.0 = Debug|iPhone
		{A2DC2220-F97A-49FF-B2E3-43CA2E872F24}.Debug|Any CPU.Deploy.0 = Debug|iPhone
		{A2DC2220-F97A-49FF-B2E3-43CA2E872F24}.Debug|iPhone.ActiveCfg = Debug|iPhone
		{A2DC2220-F97A-49FF-B2E3-43CA2E872F24}.Debug|iPhone.Build.0 = Debug|iPhone
		{A2DC2220-F97A-49FF-B2E3-43CA2E872F24}.Debug|iPhone.Deploy.0 = Debug|iPhone
		{A2DC2220-F97A-49FF-B2E3-43CA2E872F24}.Debug|iPhoneSimulator.ActiveCfg = Debug|iPhoneSimulator
		{A2DC2220-F97A-49FF-B2E3-43CA2E872F24}.Debug|iPhoneSimulator.Build.0 = Debug|iPhoneSimulator
		{A2DC2220-F97A-49FF-B2E3-43CA2E872F24}.Debug|iPhoneSimulator.Deploy.0 = Debug|iPhoneSimulator
		{A2DC2220-F97A-49FF-B2E3-43CA2E872F24}.Release|Any CPU.ActiveCfg = Release|iPhoneSimulator
		{A2DC2220-F97A-49FF-B2E3-43CA2E872F24}.Release|Any CPU.Build.0 = Release|iPhoneSimulator
		{A2DC2220-F97A-49FF-B2E3-43CA2E872F24}.Release|Any CPU.Deploy.0 = Release|iPhoneSimulator
		{A2DC2220-F97A-49FF-B2E3-43CA2E872F24}.Release|iPhone.ActiveCfg = Release|iPhone
		{A2DC2220-F97A-49FF-B2E3-43CA2E872F24}.Release|iPhone.Build.0 = Release|iPhone
		{A2DC2220-F97A-49FF-B2E3-43CA2E872F24}.Release|iPhone.Deploy.0 = Release|iPhone
		{A2DC2220-F97A-49FF-B2E3-43CA2E872F24}.Release|iPhoneSimulator.ActiveCfg = Release|iPhoneSimulator
		{A2DC2220-F97A-49FF-B2E3-43CA2E872F24}.Release|iPhoneSimulator.Build.0 = Release|iPhoneSimulator
		{A2DC2220-F97A-49FF-B2E3-43CA2E872F24}.Release|iPhoneSimulator.Deploy.0 = Release|iPhoneSimulator
		{76C4450A-19B5-4214-AA2C-871156184A05}.Debug|Any CPU.ActiveCfg = Debug|Any CPU
		{76C4450A-19B5-4214-AA2C-871156184A05}.Debug|Any CPU.Build.0 = Debug|Any CPU
		{76C4450A-19B5-4214-AA2C-871156184A05}.Debug|Any CPU.Deploy.0 = Debug|Any CPU
		{76C4450A-19B5-4214-AA2C-871156184A05}.Debug|iPhone.ActiveCfg = Debug|Any CPU
		{76C4450A-19B5-4214-AA2C-871156184A05}.Debug|iPhone.Build.0 = Debug|Any CPU
		{76C4450A-19B5-4214-AA2C-871156184A05}.Debug|iPhone.Deploy.0 = Debug|Any CPU
		{76C4450A-19B5-4214-AA2C-871156184A05}.Debug|iPhoneSimulator.ActiveCfg = Debug|Any CPU
		{76C4450A-19B5-4214-AA2C-871156184A05}.Debug|iPhoneSimulator.Build.0 = Debug|Any CPU
		{76C4450A-19B5-4214-AA2C-871156184A05}.Debug|iPhoneSimulator.Deploy.0 = Debug|Any CPU
		{76C4450A-19B5-4214-AA2C-871156184A05}.Release|Any CPU.ActiveCfg = Release|Any CPU
		{76C4450A-19B5-4214-AA2C-871156184A05}.Release|Any CPU.Build.0 = Release|Any CPU
		{76C4450A-19B5-4214-AA2C-871156184A05}.Release|Any CPU.Deploy.0 = Release|Any CPU
		{76C4450A-19B5-4214-AA2C-871156184A05}.Release|iPhone.ActiveCfg = Release|Any CPU
		{76C4450A-19B5-4214-AA2C-871156184A05}.Release|iPhone.Build.0 = Release|Any CPU
		{76C4450A-19B5-4214-AA2C-871156184A05}.Release|iPhone.Deploy.0 = Release|Any CPU
		{76C4450A-19B5-4214-AA2C-871156184A05}.Release|iPhoneSimulator.ActiveCfg = Release|Any CPU
		{76C4450A-19B5-4214-AA2C-871156184A05}.Release|iPhoneSimulator.Build.0 = Release|Any CPU
		{76C4450A-19B5-4214-AA2C-871156184A05}.Release|iPhoneSimulator.Deploy.0 = Release|Any CPU
	EndGlobalSection
	GlobalSection(SolutionProperties) = preSolution
		HideSolutionNode = FALSE
	EndGlobalSection
	GlobalSection(ExtensibilityGlobals) = postSolution
		SolutionGuid = {D6864EE1-8051-42F2-8C65-65D2750B22A7}
	EndGlobalSection
EndGlobal
