
Microsoft Visual Studio Solution File, Format Version 12.00
# Visual Studio Version 16
VisualStudioVersion = 16.0.30621.155
MinimumVisualStudioVersion = 10.0.40219.1
Project("{FAE04EC0-301F-11D3-BF4B-00C04F79EFBC}") = "Sesson2Xamarin.Android", "Sesson2Xamarin\Sesson2Xamarin.Android\Sesson2Xamarin.Android.csproj", "{3DD279C2-9A35-4D76-9F2F-27508649C4EB}"
EndProject
Project("{FAE04EC0-301F-11D3-BF4B-00C04F79EFBC}") = "Sesson2Xamarin.iOS", "Sesson2Xamarin\Sesson2Xamarin.iOS\Sesson2Xamarin.iOS.csproj", "{86B32B93-B9D3-446E-B67C-AE57E1E5AA1F}"
EndProject
Project("{FAE04EC0-301F-11D3-BF4B-00C04F79EFBC}") = "Sesson2Xamarin", "Sesson2Xamarin\Sesson2Xamarin\Sesson2Xamarin.csproj", "{0D19B78C-77F3-433E-9898-0B7B50F66413}"
EndProject
Global
	GlobalSection(SolutionConfigurationPlatforms) = preSolution
		Debug|Any CPU = Debug|Any CPU
		Debug|iPhone = Debug|iPhone
		Debug|iPhoneSimulator = Debug|iPhoneSimulator
		Release|Any CPU = Release|Any CPU
		Release|iPhone = Release|iPhone
		Release|iPhoneSimulator = Release|iPhoneSimulator
	EndGlobalSection
	GlobalSection(ProjectConfigurationPlatforms) = postSolution
		{3DD279C2-9A35-4D76-9F2F-27508649C4EB}.Debug|Any CPU.ActiveCfg = Debug|Any CPU
		{3DD279C2-9A35-4D76-9F2F-27508649C4EB}.Debug|Any CPU.Build.0 = Debug|Any CPU
		{3DD279C2-9A35-4D76-9F2F-27508649C4EB}.Debug|Any CPU.Deploy.0 = Debug|Any CPU
		{3DD279C2-9A35-4D76-9F2F-27508649C4EB}.Debug|iPhone.ActiveCfg = Debug|Any CPU
		{3DD279C2-9A35-4D76-9F2F-27508649C4EB}.Debug|iPhone.Build.0 = Debug|Any CPU
		{3DD279C2-9A35-4D76-9F2F-27508649C4EB}.Debug|iPhone.Deploy.0 = Debug|Any CPU
		{3DD279C2-9A35-4D76-9F2F-27508649C4EB}.Debug|iPhoneSimulator.ActiveCfg = Debug|Any CPU
		{3DD279C2-9A35-4D76-9F2F-27508649C4EB}.Debug|iPhoneSimulator.Build.0 = Debug|Any CPU
		{3DD279C2-9A35-4D76-9F2F-27508649C4EB}.Debug|iPhoneSimulator.Deploy.0 = Debug|Any CPU
		{3DD279C2-9A35-4D76-9F2F-27508649C4EB}.Release|Any CPU.ActiveCfg = Release|Any CPU
		{3DD279C2-9A35-4D76-9F2F-27508649C4EB}.Release|Any CPU.Build.0 = Release|Any CPU
		{3DD279C2-9A35-4D76-9F2F-27508649C4EB}.Release|Any CPU.Deploy.0 = Release|Any CPU
		{3DD279C2-9A35-4D76-9F2F-27508649C4EB}.Release|iPhone.ActiveCfg = Release|Any CPU
		{3DD279C2-9A35-4D76-9F2F-27508649C4EB}.Release|iPhone.Build.0 = Release|Any CPU
		{3DD279C2-9A35-4D76-9F2F-27508649C4EB}.Release|iPhone.Deploy.0 = Release|Any CPU
		{3DD279C2-9A35-4D76-9F2F-27508649C4EB}.Release|iPhoneSimulator.ActiveCfg = Release|Any CPU
		{3DD279C2-9A35-4D76-9F2F-27508649C4EB}.Release|iPhoneSimulator.Build.0 = Release|Any CPU
		{3DD279C2-9A35-4D76-9F2F-27508649C4EB}.Release|iPhoneSimulator.Deploy.0 = Release|Any CPU
		{86B32B93-B9D3-446E-B67C-AE57E1E5AA1F}.Debug|Any CPU.ActiveCfg = Debug|iPhone
		{86B32B93-B9D3-446E-B67C-AE57E1E5AA1F}.Debug|Any CPU.Build.0 = Debug|iPhone
		{86B32B93-B9D3-446E-B67C-AE57E1E5AA1F}.Debug|Any CPU.Deploy.0 = Debug|iPhone
		{86B32B93-B9D3-446E-B67C-AE57E1E5AA1F}.Debug|iPhone.ActiveCfg = Debug|iPhone
		{86B32B93-B9D3-446E-B67C-AE57E1E5AA1F}.Debug|iPhone.Build.0 = Debug|iPhone
		{86B32B93-B9D3-446E-B67C-AE57E1E5AA1F}.Debug|iPhone.Deploy.0 = Debug|iPhone
		{86B32B93-B9D3-446E-B67C-AE57E1E5AA1F}.Debug|iPhoneSimulator.ActiveCfg = Debug|iPhoneSimulator
		{86B32B93-B9D3-446E-B67C-AE57E1E5AA1F}.Debug|iPhoneSimulator.Build.0 = Debug|iPhoneSimulator
		{86B32B93-B9D3-446E-B67C-AE57E1E5AA1F}.Debug|iPhoneSimulator.Deploy.0 = Debug|iPhoneSimulator
		{86B32B93-B9D3-446E-B67C-AE57E1E5AA1F}.Release|Any CPU.ActiveCfg = Release|iPhoneSimulator
		{86B32B93-B9D3-446E-B67C-AE57E1E5AA1F}.Release|Any CPU.Build.0 = Release|iPhoneSimulator
		{86B32B93-B9D3-446E-B67C-AE57E1E5AA1F}.Release|Any CPU.Deploy.0 = Release|iPhoneSimulator
		{86B32B93-B9D3-446E-B67C-AE57E1E5AA1F}.Release|iPhone.ActiveCfg = Release|iPhone
		{86B32B93-B9D3-446E-B67C-AE57E1E5AA1F}.Release|iPhone.Build.0 = Release|iPhone
		{86B32B93-B9D3-446E-B67C-AE57E1E5AA1F}.Release|iPhone.Deploy.0 = Release|iPhone
		{86B32B93-B9D3-446E-B67C-AE57E1E5AA1F}.Release|iPhoneSimulator.ActiveCfg = Release|iPhoneSimulator
		{86B32B93-B9D3-446E-B67C-AE57E1E5AA1F}.Release|iPhoneSimulator.Build.0 = Release|iPhoneSimulator
		{86B32B93-B9D3-446E-B67C-AE57E1E5AA1F}.Release|iPhoneSimulator.Deploy.0 = Release|iPhoneSimulator
		{0D19B78C-77F3-433E-9898-0B7B50F66413}.Debug|Any CPU.ActiveCfg = Debug|Any CPU
		{0D19B78C-77F3-433E-9898-0B7B50F66413}.Debug|Any CPU.Build.0 = Debug|Any CPU
		{0D19B78C-77F3-433E-9898-0B7B50F66413}.Debug|Any CPU.Deploy.0 = Debug|Any CPU
		{0D19B78C-77F3-433E-9898-0B7B50F66413}.Debug|iPhone.ActiveCfg = Debug|Any CPU
		{0D19B78C-77F3-433E-9898-0B7B50F66413}.Debug|iPhone.Build.0 = Debug|Any CPU
		{0D19B78C-77F3-433E-9898-0B7B50F66413}.Debug|iPhone.Deploy.0 = Debug|Any CPU
		{0D19B78C-77F3-433E-9898-0B7B50F66413}.Debug|iPhoneSimulator.ActiveCfg = Debug|Any CPU
		{0D19B78C-77F3-433E-9898-0B7B50F66413}.Debug|iPhoneSimulator.Build.0 = Debug|Any CPU
		{0D19B78C-77F3-433E-9898-0B7B50F66413}.Debug|iPhoneSimulator.Deploy.0 = Debug|Any CPU
		{0D19B78C-77F3-433E-9898-0B7B50F66413}.Release|Any CPU.ActiveCfg = Release|Any CPU
		{0D19B78C-77F3-433E-9898-0B7B50F66413}.Release|Any CPU.Build.0 = Release|Any CPU
		{0D19B78C-77F3-433E-9898-0B7B50F66413}.Release|Any CPU.Deploy.0 = Release|Any CPU
		{0D19B78C-77F3-433E-9898-0B7B50F66413}.Release|iPhone.ActiveCfg = Release|Any CPU
		{0D19B78C-77F3-433E-9898-0B7B50F66413}.Release|iPhone.Build.0 = Release|Any CPU
		{0D19B78C-77F3-433E-9898-0B7B50F66413}.Release|iPhone.Deploy.0 = Release|Any CPU
		{0D19B78C-77F3-433E-9898-0B7B50F66413}.Release|iPhoneSimulator.ActiveCfg = Release|Any CPU
		{0D19B78C-77F3-433E-9898-0B7B50F66413}.Release|iPhoneSimulator.Build.0 = Release|Any CPU
		{0D19B78C-77F3-433E-9898-0B7B50F66413}.Release|iPhoneSimulator.Deploy.0 = Release|Any CPU
	EndGlobalSection
	GlobalSection(SolutionProperties) = preSolution
		HideSolutionNode = FALSE
	EndGlobalSection
	GlobalSection(ExtensibilityGlobals) = postSolution
		SolutionGuid = {CD79640E-E1A3-46B7-A0EE-66F2F2953890}
	EndGlobalSection
EndGlobal
