
Microsoft Visual Studio Solution File, Format Version 12.00
# Visual Studio Version 16
VisualStudioVersion = 16.0.29519.87
MinimumVisualStudioVersion = 10.0.40219.1
Project("{FAE04EC0-301F-11D3-BF4B-00C04F79EFBC}") = "ConsoleUI", "ConsoleUI\ConsoleUI.csproj", "{C7188650-0538-4D54-9F5E-F1E6DD7F049B}"
EndProject
Project("{FAE04EC0-301F-11D3-BF4B-00C04F79EFBC}") = "DemoLibrary", "DemoLibray\DemoLibrary.csproj", "{E383DD52-DD77-4CD8-AC09-3EC5B2F1C8F5}"
EndProject
Global
	GlobalSection(SolutionConfigurationPlatforms) = preSolution
		Debug|Any CPU = Debug|Any CPU
		Release|Any CPU = Release|Any CPU
	EndGlobalSection
	GlobalSection(ProjectConfigurationPlatforms) = postSolution
		{C7188650-0538-4D54-9F5E-F1E6DD7F049B}.Debug|Any CPU.ActiveCfg = Debug|Any CPU
		{C7188650-0538-4D54-9F5E-F1E6DD7F049B}.Debug|Any CPU.Build.0 = Debug|Any CPU
		{C7188650-0538-4D54-9F5E-F1E6DD7F049B}.Release|Any CPU.ActiveCfg = Release|Any CPU
		{C7188650-0538-4D54-9F5E-F1E6DD7F049B}.Release|Any CPU.Build.0 = Release|Any CPU
		{E383DD52-DD77-4CD8-AC09-3EC5B2F1C8F5}.Debug|Any CPU.ActiveCfg = Debug|Any CPU
		{E383DD52-DD77-4CD8-AC09-3EC5B2F1C8F5}.Debug|Any CPU.Build.0 = Debug|Any CPU
		{E383DD52-DD77-4CD8-AC09-3EC5B2F1C8F5}.Release|Any CPU.ActiveCfg = Release|Any CPU
		{E383DD52-DD77-4CD8-AC09-3EC5B2F1C8F5}.Release|Any CPU.Build.0 = Release|Any CPU
	EndGlobalSection
	GlobalSection(SolutionProperties) = preSolution
		HideSolutionNode = FALSE
	EndGlobalSection
	GlobalSection(ExtensibilityGlobals) = postSolution
		SolutionGuid = {1A43E3E0-B93E-44DB-8318-61092CEA1D5B}
	EndGlobalSection
EndGlobal
